// !$*UTF8*$!
{
	archiveVersion = 1;
	classes = {
	};
	objectVersion = 56;
	objects = {

/* Begin PBXBuildFile section */
		0B2B2445290EDDAC00B732FA /* AppDelegate.swift in Sources */ = {isa = PBXBuildFile; fileRef = 0B2B2444290EDDAC00B732FA /* AppDelegate.swift */; };
		0B2B2447290EDDAC00B732FA /* SceneDelegate.swift in Sources */ = {isa = PBXBuildFile; fileRef = 0B2B2446290EDDAC00B732FA /* SceneDelegate.swift */; };
		0B2B244E290EDDAF00B732FA /* Assets.xcassets in Resources */ = {isa = PBXBuildFile; fileRef = 0B2B244D290EDDAF00B732FA /* Assets.xcassets */; };
		0B2B2451290EDDAF00B732FA /* LaunchScreen.storyboard in Resources */ = {isa = PBXBuildFile; fileRef = 0B2B244F290EDDAF00B732FA /* LaunchScreen.storyboard */; };
		0B2B2459290EDDF300B732FA /* MainTabBarViewController.swift in Sources */ = {isa = PBXBuildFile; fileRef = 0B2B2458290EDDF300B732FA /* MainTabBarViewController.swift */; };
		0B2B2461290EE26F00B732FA /* FavouriteViewController.swift in Sources */ = {isa = PBXBuildFile; fileRef = 0B2B245F290EE26F00B732FA /* FavouriteViewController.swift */; };
		0B2B2462290EE26F00B732FA /* FavouriteViewController.xib in Resources */ = {isa = PBXBuildFile; fileRef = 0B2B2460290EE26F00B732FA /* FavouriteViewController.xib */; };
		0B2B2466290EE37200B732FA /* NetworkManager.swift in Sources */ = {isa = PBXBuildFile; fileRef = 0B2B2465290EE37200B732FA /* NetworkManager.swift */; };
		0B2B2469290EE39800B732FA /* UnsplashModel.swift in Sources */ = {isa = PBXBuildFile; fileRef = 0B2B2468290EE39800B732FA /* UnsplashModel.swift */; };
		0B2B246D290EE94500B732FA /* HomeCollectionViewCell.swift in Sources */ = {isa = PBXBuildFile; fileRef = 0B2B246B290EE94500B732FA /* HomeCollectionViewCell.swift */; };
		0B2B246E290EE94600B732FA /* HomeCollectionViewCell.xib in Resources */ = {isa = PBXBuildFile; fileRef = 0B2B246C290EE94500B732FA /* HomeCollectionViewCell.xib */; };
		0B2B2472290EEA4900B732FA /* CHTCollectionViewWaterfallLayout in Frameworks */ = {isa = PBXBuildFile; productRef = 0B2B2471290EEA4900B732FA /* CHTCollectionViewWaterfallLayout */; };
		0B8FAD6D2912BFF30079880A /* Realm in Frameworks */ = {isa = PBXBuildFile; productRef = 0B8FAD6C2912BFF30079880A /* Realm */; };
		0B8FAD6F2912BFF30079880A /* RealmSwift in Frameworks */ = {isa = PBXBuildFile; productRef = 0B8FAD6E2912BFF30079880A /* RealmSwift */; };
		0B8FAD712912C8880079880A /* PhotoModel.swift in Sources */ = {isa = PBXBuildFile; fileRef = 0B8FAD702912C8880079880A /* PhotoModel.swift */; };
		0B9F8DA5290EEDDC00F92C01 /* DetailViewController.swift in Sources */ = {isa = PBXBuildFile; fileRef = 0B9F8DA3290EEDDC00F92C01 /* DetailViewController.swift */; };
		0B9F8DA6290EEDDC00F92C01 /* DetailViewController.xib in Resources */ = {isa = PBXBuildFile; fileRef = 0B9F8DA4290EEDDC00F92C01 /* DetailViewController.xib */; };
		0BD32F0E290EFD4E00E14437 /* PhotoViewController.swift in Sources */ = {isa = PBXBuildFile; fileRef = 0BD32F0C290EFD4E00E14437 /* PhotoViewController.swift */; };
		0BD32F0F290EFD4E00E14437 /* PhotoViewController.xib in Resources */ = {isa = PBXBuildFile; fileRef = 0BD32F0D290EFD4E00E14437 /* PhotoViewController.xib */; };
		0BD32F15290FB13100E14437 /* FavouriteCollectionViewCell.swift in Sources */ = {isa = PBXBuildFile; fileRef = 0BD32F13290FB13100E14437 /* FavouriteCollectionViewCell.swift */; };
		0BD32F16290FB13100E14437 /* FavouriteCollectionViewCell.xib in Resources */ = {isa = PBXBuildFile; fileRef = 0BD32F14290FB13100E14437 /* FavouriteCollectionViewCell.xib */; };
		0BEBA26B290EEF8700B1D5F1 /* HomeViewController.swift in Sources */ = {isa = PBXBuildFile; fileRef = 0BEBA269290EEF8700B1D5F1 /* HomeViewController.swift */; };
		0BEBA26C290EEF8700B1D5F1 /* HomeViewController.xib in Resources */ = {isa = PBXBuildFile; fileRef = 0BEBA26A290EEF8700B1D5F1 /* HomeViewController.xib */; };
/* End PBXBuildFile section */

/* Begin PBXFileReference section */
		0B2B2441290EDDAC00B732FA /* Unsplash.app */ = {isa = PBXFileReference; explicitFileType = wrapper.application; includeInIndex = 0; path = Unsplash.app; sourceTree = BUILT_PRODUCTS_DIR; };
		0B2B2444290EDDAC00B732FA /* AppDelegate.swift */ = {isa = PBXFileReference; lastKnownFileType = sourcecode.swift; path = AppDelegate.swift; sourceTree = "<group>"; };
		0B2B2446290EDDAC00B732FA /* SceneDelegate.swift */ = {isa = PBXFileReference; lastKnownFileType = sourcecode.swift; path = SceneDelegate.swift; sourceTree = "<group>"; };
		0B2B244D290EDDAF00B732FA /* Assets.xcassets */ = {isa = PBXFileReference; lastKnownFileType = folder.assetcatalog; path = Assets.xcassets; sourceTree = "<group>"; };
		0B2B2450290EDDAF00B732FA /* Base */ = {isa = PBXFileReference; lastKnownFileType = file.storyboard; name = Base; path = Base.lproj/LaunchScreen.storyboard; sourceTree = "<group>"; };
		0B2B2452290EDDAF00B732FA /* Info.plist */ = {isa = PBXFileReference; lastKnownFileType = text.plist.xml; path = Info.plist; sourceTree = "<group>"; };
		0B2B2458290EDDF300B732FA /* MainTabBarViewController.swift */ = {isa = PBXFileReference; lastKnownFileType = sourcecode.swift; path = MainTabBarViewController.swift; sourceTree = "<group>"; };
		0B2B245F290EE26F00B732FA /* FavouriteViewController.swift */ = {isa = PBXFileReference; lastKnownFileType = sourcecode.swift; path = FavouriteViewController.swift; sourceTree = "<group>"; };
		0B2B2460290EE26F00B732FA /* FavouriteViewController.xib */ = {isa = PBXFileReference; lastKnownFileType = file.xib; path = FavouriteViewController.xib; sourceTree = "<group>"; };
		0B2B2465290EE37200B732FA /* NetworkManager.swift */ = {isa = PBXFileReference; lastKnownFileType = sourcecode.swift; path = NetworkManager.swift; sourceTree = "<group>"; };
		0B2B2468290EE39800B732FA /* UnsplashModel.swift */ = {isa = PBXFileReference; lastKnownFileType = sourcecode.swift; path = UnsplashModel.swift; sourceTree = "<group>"; };
		0B2B246B290EE94500B732FA /* HomeCollectionViewCell.swift */ = {isa = PBXFileReference; lastKnownFileType = sourcecode.swift; path = HomeCollectionViewCell.swift; sourceTree = "<group>"; };
		0B2B246C290EE94500B732FA /* HomeCollectionViewCell.xib */ = {isa = PBXFileReference; lastKnownFileType = file.xib; path = HomeCollectionViewCell.xib; sourceTree = "<group>"; };
		0B8FAD702912C8880079880A /* PhotoModel.swift */ = {isa = PBXFileReference; lastKnownFileType = sourcecode.swift; path = PhotoModel.swift; sourceTree = "<group>"; };
		0B9F8DA3290EEDDC00F92C01 /* DetailViewController.swift */ = {isa = PBXFileReference; lastKnownFileType = sourcecode.swift; path = DetailViewController.swift; sourceTree = "<group>"; };
		0B9F8DA4290EEDDC00F92C01 /* DetailViewController.xib */ = {isa = PBXFileReference; lastKnownFileType = file.xib; name = DetailViewController.xib; path = ../Controllers/DetailViewController.xib; sourceTree = "<group>"; };
		0BD32F0C290EFD4E00E14437 /* PhotoViewController.swift */ = {isa = PBXFileReference; lastKnownFileType = sourcecode.swift; path = PhotoViewController.swift; sourceTree = "<group>"; };
		0BD32F0D290EFD4E00E14437 /* PhotoViewController.xib */ = {isa = PBXFileReference; lastKnownFileType = file.xib; path = PhotoViewController.xib; sourceTree = "<group>"; };
		0BD32F13290FB13100E14437 /* FavouriteCollectionViewCell.swift */ = {isa = PBXFileReference; lastKnownFileType = sourcecode.swift; path = FavouriteCollectionViewCell.swift; sourceTree = "<group>"; };
		0BD32F14290FB13100E14437 /* FavouriteCollectionViewCell.xib */ = {isa = PBXFileReference; lastKnownFileType = file.xib; path = FavouriteCollectionViewCell.xib; sourceTree = "<group>"; };
		0BEBA269290EEF8700B1D5F1 /* HomeViewController.swift */ = {isa = PBXFileReference; lastKnownFileType = sourcecode.swift; path = HomeViewController.swift; sourceTree = "<group>"; };
		0BEBA26A290EEF8700B1D5F1 /* HomeViewController.xib */ = {isa = PBXFileReference; lastKnownFileType = file.xib; path = HomeViewController.xib; sourceTree = "<group>"; };
/* End PBXFileReference section */

/* Begin PBXFrameworksBuildPhase section */
		0B2B243E290EDDAC00B732FA /* Frameworks */ = {
			isa = PBXFrameworksBuildPhase;
			buildActionMask = 2147483647;
			files = (
				0B8FAD6F2912BFF30079880A /* RealmSwift in Frameworks */,
				0B8FAD6D2912BFF30079880A /* Realm in Frameworks */,
				0B2B2472290EEA4900B732FA /* CHTCollectionViewWaterfallLayout in Frameworks */,
			);
			runOnlyForDeploymentPostprocessing = 0;
		};
/* End PBXFrameworksBuildPhase section */

/* Begin PBXGroup section */
		0B2B2438290EDDAC00B732FA = {
			isa = PBXGroup;
			children = (
				0B2B2443290EDDAC00B732FA /* Unsplash */,
				0B2B2442290EDDAC00B732FA /* Products */,
			);
			sourceTree = "<group>";
		};
		0B2B2442290EDDAC00B732FA /* Products */ = {
			isa = PBXGroup;
			children = (
				0B2B2441290EDDAC00B732FA /* Unsplash.app */,
			);
			name = Products;
			sourceTree = "<group>";
		};
		0B2B2443290EDDAC00B732FA /* Unsplash */ = {
			isa = PBXGroup;
			children = (
				0B2B245A290EDEC500B732FA /* App */,
				0B2B2464290EE2A000B732FA /* Controllers */,
				0B2B2467290EE37600B732FA /* NetworkManager */,
				0B2B246A290EE39D00B732FA /* Model */,
				0B2B2463290EE28F00B732FA /* Views */,
				0B2B244D290EDDAF00B732FA /* Assets.xcassets */,
				0B2B2452290EDDAF00B732FA /* Info.plist */,
			);
			path = Unsplash;
			sourceTree = "<group>";
		};
		0B2B245A290EDEC500B732FA /* App */ = {
			isa = PBXGroup;
			children = (
				0B2B2444290EDDAC00B732FA /* AppDelegate.swift */,
				0B2B2446290EDDAC00B732FA /* SceneDelegate.swift */,
			);
			path = App;
			sourceTree = "<group>";
		};
		0B2B2463290EE28F00B732FA /* Views */ = {
			isa = PBXGroup;
			children = (
				0BD32F12290FB0F400E14437 /* FavoriteCell */,
				0B2B246F290EE95100B732FA /* HomeCell */,
				0B2B2460290EE26F00B732FA /* FavouriteViewController.xib */,
				0BEBA26A290EEF8700B1D5F1 /* HomeViewController.xib */,
				0B9F8DA4290EEDDC00F92C01 /* DetailViewController.xib */,
				0BD32F0D290EFD4E00E14437 /* PhotoViewController.xib */,
				0B2B244F290EDDAF00B732FA /* LaunchScreen.storyboard */,
			);
			path = Views;
			sourceTree = "<group>";
		};
		0B2B2464290EE2A000B732FA /* Controllers */ = {
			isa = PBXGroup;
			children = (
				0B2B2458290EDDF300B732FA /* MainTabBarViewController.swift */,
				0BEBA269290EEF8700B1D5F1 /* HomeViewController.swift */,
				0B9F8DA3290EEDDC00F92C01 /* DetailViewController.swift */,
				0BD32F0C290EFD4E00E14437 /* PhotoViewController.swift */,
				0B2B245F290EE26F00B732FA /* FavouriteViewController.swift */,
			);
			path = Controllers;
			sourceTree = "<group>";
		};
		0B2B2467290EE37600B732FA /* NetworkManager */ = {
			isa = PBXGroup;
			children = (
				0B2B2465290EE37200B732FA /* NetworkManager.swift */,
			);
			path = NetworkManager;
			sourceTree = "<group>";
		};
		0B2B246A290EE39D00B732FA /* Model */ = {
			isa = PBXGroup;
			children = (
				0B2B2468290EE39800B732FA /* UnsplashModel.swift */,
				0B8FAD702912C8880079880A /* PhotoModel.swift */,
			);
			path = Model;
			sourceTree = "<group>";
		};
		0B2B246F290EE95100B732FA /* HomeCell */ = {
			isa = PBXGroup;
			children = (
				0B2B246B290EE94500B732FA /* HomeCollectionViewCell.swift */,
				0B2B246C290EE94500B732FA /* HomeCollectionViewCell.xib */,
			);
			path = HomeCell;
			sourceTree = "<group>";
		};
		0BD32F12290FB0F400E14437 /* FavoriteCell */ = {
			isa = PBXGroup;
			children = (
				0BD32F13290FB13100E14437 /* FavouriteCollectionViewCell.swift */,
				0BD32F14290FB13100E14437 /* FavouriteCollectionViewCell.xib */,
			);
			path = FavoriteCell;
			sourceTree = "<group>";
		};
/* End PBXGroup section */

/* Begin PBXNativeTarget section */
		0B2B2440290EDDAC00B732FA /* Unsplash */ = {
			isa = PBXNativeTarget;
			buildConfigurationList = 0B2B2455290EDDAF00B732FA /* Build configuration list for PBXNativeTarget "Unsplash" */;
			buildPhases = (
				0B2B243D290EDDAC00B732FA /* Sources */,
				0B2B243E290EDDAC00B732FA /* Frameworks */,
				0B2B243F290EDDAC00B732FA /* Resources */,
			);
			buildRules = (
			);
			dependencies = (
			);
			name = Unsplash;
			packageProductDependencies = (
				0B2B2471290EEA4900B732FA /* CHTCollectionViewWaterfallLayout */,
				0B8FAD6C2912BFF30079880A /* Realm */,
				0B8FAD6E2912BFF30079880A /* RealmSwift */,
			);
			productName = Unsplash;
			productReference = 0B2B2441290EDDAC00B732FA /* Unsplash.app */;
			productType = "com.apple.product-type.application";
		};
/* End PBXNativeTarget section */

/* Begin PBXProject section */
		0B2B2439290EDDAC00B732FA /* Project object */ = {
			isa = PBXProject;
			attributes = {
				BuildIndependentTargetsInParallel = 1;
				LastSwiftUpdateCheck = 1400;
				LastUpgradeCheck = 1400;
				TargetAttributes = {
					0B2B2440290EDDAC00B732FA = {
						CreatedOnToolsVersion = 14.0.1;
					};
				};
			};
			buildConfigurationList = 0B2B243C290EDDAC00B732FA /* Build configuration list for PBXProject "Unsplash" */;
			compatibilityVersion = "Xcode 14.0";
			developmentRegion = en;
			hasScannedForEncodings = 0;
			knownRegions = (
				en,
				Base,
			);
			mainGroup = 0B2B2438290EDDAC00B732FA;
			packageReferences = (
				0B2B2470290EEA4800B732FA /* XCRemoteSwiftPackageReference "CHTCollectionViewWaterfallLayout" */,
				0B8FAD6B2912BFF30079880A /* XCRemoteSwiftPackageReference "realm-swift" */,
			);
			productRefGroup = 0B2B2442290EDDAC00B732FA /* Products */;
			projectDirPath = "";
			projectRoot = "";
			targets = (
				0B2B2440290EDDAC00B732FA /* Unsplash */,
			);
		};
/* End PBXProject section */

/* Begin PBXResourcesBuildPhase section */
		0B2B243F290EDDAC00B732FA /* Resources */ = {
			isa = PBXResourcesBuildPhase;
			buildActionMask = 2147483647;
			files = (
				0B2B246E290EE94600B732FA /* HomeCollectionViewCell.xib in Resources */,
				0B9F8DA6290EEDDC00F92C01 /* DetailViewController.xib in Resources */,
				0BD32F0F290EFD4E00E14437 /* PhotoViewController.xib in Resources */,
				0B2B2462290EE26F00B732FA /* FavouriteViewController.xib in Resources */,
				0BD32F16290FB13100E14437 /* FavouriteCollectionViewCell.xib in Resources */,
				0B2B2451290EDDAF00B732FA /* LaunchScreen.storyboard in Resources */,
				0B2B244E290EDDAF00B732FA /* Assets.xcassets in Resources */,
				0BEBA26C290EEF8700B1D5F1 /* HomeViewController.xib in Resources */,
			);
			runOnlyForDeploymentPostprocessing = 0;
		};
/* End PBXResourcesBuildPhase section */

/* Begin PBXSourcesBuildPhase section */
		0B2B243D290EDDAC00B732FA /* Sources */ = {
			isa = PBXSourcesBuildPhase;
			buildActionMask = 2147483647;
			files = (
				0B9F8DA5290EEDDC00F92C01 /* DetailViewController.swift in Sources */,
				0B2B2469290EE39800B732FA /* UnsplashModel.swift in Sources */,
				0B2B2466290EE37200B732FA /* NetworkManager.swift in Sources */,
				0B2B2459290EDDF300B732FA /* MainTabBarViewController.swift in Sources */,
				0BD32F15290FB13100E14437 /* FavouriteCollectionViewCell.swift in Sources */,
				0B2B2445290EDDAC00B732FA /* AppDelegate.swift in Sources */,
				0BEBA26B290EEF8700B1D5F1 /* HomeViewController.swift in Sources */,
				0B2B2447290EDDAC00B732FA /* SceneDelegate.swift in Sources */,
				0B2B2461290EE26F00B732FA /* FavouriteViewController.swift in Sources */,
				0B2B246D290EE94500B732FA /* HomeCollectionViewCell.swift in Sources */,
				0B8FAD712912C8880079880A /* PhotoModel.swift in Sources */,
				0BD32F0E290EFD4E00E14437 /* PhotoViewController.swift in Sources */,
			);
			runOnlyForDeploymentPostprocessing = 0;
		};
/* End PBXSourcesBuildPhase section */

/* Begin PBXVariantGroup section */
		0B2B244F290EDDAF00B732FA /* LaunchScreen.storyboard */ = {
			isa = PBXVariantGroup;
			children = (
				0B2B2450290EDDAF00B732FA /* Base */,
			);
			name = LaunchScreen.storyboard;
			sourceTree = "<group>";
		};
/* End PBXVariantGroup section */

/* Begin XCBuildConfiguration section */
		0B2B2453290EDDAF00B732FA /* Debug */ = {
			isa = XCBuildConfiguration;
			buildSettings = {
				ALWAYS_SEARCH_USER_PATHS = NO;
				CLANG_ANALYZER_NONNULL = YES;
				CLANG_ANALYZER_NUMBER_OBJECT_CONVERSION = YES_AGGRESSIVE;
				CLANG_CXX_LANGUAGE_STANDARD = "gnu++20";
				CLANG_ENABLE_MODULES = YES;
				CLANG_ENABLE_OBJC_ARC = YES;
				CLANG_ENABLE_OBJC_WEAK = YES;
				CLANG_WARN_BLOCK_CAPTURE_AUTORELEASING = YES;
				CLANG_WARN_BOOL_CONVERSION = YES;
				CLANG_WARN_COMMA = YES;
				CLANG_WARN_CONSTANT_CONVERSION = YES;
				CLANG_WARN_DEPRECATED_OBJC_IMPLEMENTATIONS = YES;
				CLANG_WARN_DIRECT_OBJC_ISA_USAGE = YES_ERROR;
				CLANG_WARN_DOCUMENTATION_COMMENTS = YES;
				CLANG_WARN_EMPTY_BODY = YES;
				CLANG_WARN_ENUM_CONVERSION = YES;
				CLANG_WARN_INFINITE_RECURSION = YES;
				CLANG_WARN_INT_CONVERSION = YES;
				CLANG_WARN_NON_LITERAL_NULL_CONVERSION = YES;
				CLANG_WARN_OBJC_IMPLICIT_RETAIN_SELF = YES;
				CLANG_WARN_OBJC_LITERAL_CONVERSION = YES;
				CLANG_WARN_OBJC_ROOT_CLASS = YES_ERROR;
				CLANG_WARN_QUOTED_INCLUDE_IN_FRAMEWORK_HEADER = YES;
				CLANG_WARN_RANGE_LOOP_ANALYSIS = YES;
				CLANG_WARN_STRICT_PROTOTYPES = YES;
				CLANG_WARN_SUSPICIOUS_MOVE = YES;
				CLANG_WARN_UNGUARDED_AVAILABILITY = YES_AGGRESSIVE;
				CLANG_WARN_UNREACHABLE_CODE = YES;
				CLANG_WARN__DUPLICATE_METHOD_MATCH = YES;
				COPY_PHASE_STRIP = NO;
				DEBUG_INFORMATION_FORMAT = dwarf;
				ENABLE_STRICT_OBJC_MSGSEND = YES;
				ENABLE_TESTABILITY = YES;
				GCC_C_LANGUAGE_STANDARD = gnu11;
				GCC_DYNAMIC_NO_PIC = NO;
				GCC_NO_COMMON_BLOCKS = YES;
				GCC_OPTIMIZATION_LEVEL = 0;
				GCC_PREPROCESSOR_DEFINITIONS = (
					"DEBUG=1",
					"$(inherited)",
				);
				GCC_WARN_64_TO_32_BIT_CONVERSION = YES;
				GCC_WARN_ABOUT_RETURN_TYPE = YES_ERROR;
				GCC_WARN_UNDECLARED_SELECTOR = YES;
				GCC_WARN_UNINITIALIZED_AUTOS = YES_AGGRESSIVE;
				GCC_WARN_UNUSED_FUNCTION = YES;
				GCC_WARN_UNUSED_VARIABLE = YES;
				IPHONEOS_DEPLOYMENT_TARGET = 16.0;
				MTL_ENABLE_DEBUG_INFO = INCLUDE_SOURCE;
				MTL_FAST_MATH = YES;
				ONLY_ACTIVE_ARCH = YES;
				SDKROOT = iphoneos;
				SWIFT_ACTIVE_COMPILATION_CONDITIONS = DEBUG;
				SWIFT_OPTIMIZATION_LEVEL = "-Onone";
			};
			name = Debug;
		};
		0B2B2454290EDDAF00B732FA /* Release */ = {
			isa = XCBuildConfiguration;
			buildSettings = {
				ALWAYS_SEARCH_USER_PATHS = NO;
				CLANG_ANALYZER_NONNULL = YES;
				CLANG_ANALYZER_NUMBER_OBJECT_CONVERSION = YES_AGGRESSIVE;
				CLANG_CXX_LANGUAGE_STANDARD = "gnu++20";
				CLANG_ENABLE_MODULES = YES;
				CLANG_ENABLE_OBJC_ARC = YES;
				CLANG_ENABLE_OBJC_WEAK = YES;
				CLANG_WARN_BLOCK_CAPTURE_AUTORELEASING = YES;
				CLANG_WARN_BOOL_CONVERSION = YES;
				CLANG_WARN_COMMA = YES;
				CLANG_WARN_CONSTANT_CONVERSION = YES;
				CLANG_WARN_DEPRECATED_OBJC_IMPLEMENTATIONS = YES;
				CLANG_WARN_DIRECT_OBJC_ISA_USAGE = YES_ERROR;
				CLANG_WARN_DOCUMENTATION_COMMENTS = YES;
				CLANG_WARN_EMPTY_BODY = YES;
				CLANG_WARN_ENUM_CONVERSION = YES;
				CLANG_WARN_INFINITE_RECURSION = YES;
				CLANG_WARN_INT_CONVERSION = YES;
				CLANG_WARN_NON_LITERAL_NULL_CONVERSION = YES;
				CLANG_WARN_OBJC_IMPLICIT_RETAIN_SELF = YES;
				CLANG_WARN_OBJC_LITERAL_CONVERSION = YES;
				CLANG_WARN_OBJC_ROOT_CLASS = YES_ERROR;
				CLANG_WARN_QUOTED_INCLUDE_IN_FRAMEWORK_HEADER = YES;
				CLANG_WARN_RANGE_LOOP_ANALYSIS = YES;
				CLANG_WARN_STRICT_PROTOTYPES = YES;
				CLANG_WARN_SUSPICIOUS_MOVE = YES;
				CLANG_WARN_UNGUARDED_AVAILABILITY = YES_AGGRESSIVE;
				CLANG_WARN_UNREACHABLE_CODE = YES;
				CLANG_WARN__DUPLICATE_METHOD_MATCH = YES;
				COPY_PHASE_STRIP = NO;
				DEBUG_INFORMATION_FORMAT = "dwarf-with-dsym";
				ENABLE_NS_ASSERTIONS = NO;
				ENABLE_STRICT_OBJC_MSGSEND = YES;
				GCC_C_LANGUAGE_STANDARD = gnu11;
				GCC_NO_COMMON_BLOCKS = YES;
				GCC_WARN_64_TO_32_BIT_CONVERSION = YES;
				GCC_WARN_ABOUT_RETURN_TYPE = YES_ERROR;
				GCC_WARN_UNDECLARED_SELECTOR = YES;
				GCC_WARN_UNINITIALIZED_AUTOS = YES_AGGRESSIVE;
				GCC_WARN_UNUSED_FUNCTION = YES;
				GCC_WARN_UNUSED_VARIABLE = YES;
				IPHONEOS_DEPLOYMENT_TARGET = 16.0;
				MTL_ENABLE_DEBUG_INFO = NO;
				MTL_FAST_MATH = YES;
				SDKROOT = iphoneos;
				SWIFT_COMPILATION_MODE = wholemodule;
				SWIFT_OPTIMIZATION_LEVEL = "-O";
				VALIDATE_PRODUCT = YES;
			};
			name = Release;
		};
		0B2B2456290EDDAF00B732FA /* Debug */ = {
			isa = XCBuildConfiguration;
			buildSettings = {
				ASSETCATALOG_COMPILER_APPICON_NAME = AppIcon;
				ASSETCATALOG_COMPILER_GLOBAL_ACCENT_COLOR_NAME = AccentColor;
				CODE_SIGN_STYLE = Automatic;
				CURRENT_PROJECT_VERSION = 1;
				DEVELOPMENT_TEAM = FVH8LPWG75;
				GENERATE_INFOPLIST_FILE = YES;
				INFOPLIST_FILE = Unsplash/Info.plist;
				INFOPLIST_KEY_UIApplicationSupportsIndirectInputEvents = YES;
				INFOPLIST_KEY_UILaunchStoryboardName = LaunchScreen;
				INFOPLIST_KEY_UISupportedInterfaceOrientations_iPad = "UIInterfaceOrientationPortrait UIInterfaceOrientationPortraitUpsideDown UIInterfaceOrientationLandscapeLeft UIInterfaceOrientationLandscapeRight";
				INFOPLIST_KEY_UISupportedInterfaceOrientations_iPhone = "UIInterfaceOrientationPortrait UIInterfaceOrientationLandscapeLeft UIInterfaceOrientationLandscapeRight";
				LD_RUNPATH_SEARCH_PATHS = (
					"$(inherited)",
					"@executable_path/Frameworks",
				);
				MARKETING_VERSION = 1.0;
				PRODUCT_BUNDLE_IDENTIFIER = com.alekseienko.Unsplash;
				PRODUCT_NAME = "$(TARGET_NAME)";
				SWIFT_EMIT_LOC_STRINGS = YES;
				SWIFT_VERSION = 5.0;
				TARGETED_DEVICE_FAMILY = "1,2";
			};
			name = Debug;
		};
		0B2B2457290EDDAF00B732FA /* Release */ = {
			isa = XCBuildConfiguration;
			buildSettings = {
				ASSETCATALOG_COMPILER_APPICON_NAME = AppIcon;
				ASSETCATALOG_COMPILER_GLOBAL_ACCENT_COLOR_NAME = AccentColor;
				CODE_SIGN_STYLE = Automatic;
				CURRENT_PROJECT_VERSION = 1;
				DEVELOPMENT_TEAM = FVH8LPWG75;
				GENERATE_INFOPLIST_FILE = YES;
				INFOPLIST_FILE = Unsplash/Info.plist;
				INFOPLIST_KEY_UIApplicationSupportsIndirectInputEvents = YES;
				INFOPLIST_KEY_UILaunchStoryboardName = LaunchScreen;
				INFOPLIST_KEY_UISupportedInterfaceOrientations_iPad = "UIInterfaceOrientationPortrait UIInterfaceOrientationPortraitUpsideDown UIInterfaceOrientationLandscapeLeft UIInterfaceOrientationLandscapeRight";
				INFOPLIST_KEY_UISupportedInterfaceOrientations_iPhone = "UIInterfaceOrientationPortrait UIInterfaceOrientationLandscapeLeft UIInterfaceOrientationLandscapeRight";
				LD_RUNPATH_SEARCH_PATHS = (
					"$(inherited)",
					"@executable_path/Frameworks",
				);
				MARKETING_VERSION = 1.0;
				PRODUCT_BUNDLE_IDENTIFIER = com.alekseienko.Unsplash;
				PRODUCT_NAME = "$(TARGET_NAME)";
				SWIFT_EMIT_LOC_STRINGS = YES;
				SWIFT_VERSION = 5.0;
				TARGETED_DEVICE_FAMILY = "1,2";
			};
			name = Release;
		};
/* End XCBuildConfiguration section */

/* Begin XCConfigurationList section */
		0B2B243C290EDDAC00B732FA /* Build configuration list for PBXProject "Unsplash" */ = {
			isa = XCConfigurationList;
			buildConfigurations = (
				0B2B2453290EDDAF00B732FA /* Debug */,
				0B2B2454290EDDAF00B732FA /* Release */,
			);
			defaultConfigurationIsVisible = 0;
			defaultConfigurationName = Release;
		};
		0B2B2455290EDDAF00B732FA /* Build configuration list for PBXNativeTarget "Unsplash" */ = {
			isa = XCConfigurationList;
			buildConfigurations = (
				0B2B2456290EDDAF00B732FA /* Debug */,
				0B2B2457290EDDAF00B732FA /* Release */,
			);
			defaultConfigurationIsVisible = 0;
			defaultConfigurationName = Release;
		};
/* End XCConfigurationList section */

/* Begin XCRemoteSwiftPackageReference section */
		0B2B2470290EEA4800B732FA /* XCRemoteSwiftPackageReference "CHTCollectionViewWaterfallLayout" */ = {
			isa = XCRemoteSwiftPackageReference;
			repositoryURL = "https://github.com/chiahsien/CHTCollectionViewWaterfallLayout";
			requirement = {
				kind = upToNextMajorVersion;
				minimumVersion = 0.9.9;
			};
		};
		0B8FAD6B2912BFF30079880A /* XCRemoteSwiftPackageReference "realm-swift" */ = {
			isa = XCRemoteSwiftPackageReference;
			repositoryURL = "https://github.com/realm/realm-swift";
			requirement = {
				branch = master;
				kind = branch;
			};
		};
/* End XCRemoteSwiftPackageReference section */

/* Begin XCSwiftPackageProductDependency section */
		0B2B2471290EEA4900B732FA /* CHTCollectionViewWaterfallLayout */ = {
			isa = XCSwiftPackageProductDependency;
			package = 0B2B2470290EEA4800B732FA /* XCRemoteSwiftPackageReference "CHTCollectionViewWaterfallLayout" */;
			productName = CHTCollectionViewWaterfallLayout;
		};
		0B8FAD6C2912BFF30079880A /* Realm */ = {
			isa = XCSwiftPackageProductDependency;
			package = 0B8FAD6B2912BFF30079880A /* XCRemoteSwiftPackageReference "realm-swift" */;
			productName = Realm;
		};
		0B8FAD6E2912BFF30079880A /* RealmSwift */ = {
			isa = XCSwiftPackageProductDependency;
			package = 0B8FAD6B2912BFF30079880A /* XCRemoteSwiftPackageReference "realm-swift" */;
			productName = RealmSwift;
		};
/* End XCSwiftPackageProductDependency section */
	};
	rootObject = 0B2B2439290EDDAC00B732FA /* Project object */;
}
